
Microsoft Visual Studio Solution File, Format Version 12.00
# Visual Studio Version 17
VisualStudioVersion = 17.5.33516.290
MinimumVisualStudioVersion = 10.0.40219.1
Project("{FAE04EC0-301F-11D3-BF4B-00C04F79EFBC}") = "Crud", "Crud\Crud.csproj", "{047C8D49-2495-4BE6-9763-D030723C6757}"
EndProject
Global
	GlobalSection(SolutionConfigurationPlatforms) = preSolution
		Debug|Any CPU = Debug|Any CPU
		Release|Any CPU = Release|Any CPU
	EndGlobalSection
	GlobalSection(ProjectConfigurationPlatforms) = postSolution
		{047C8D49-2495-4BE6-9763-D030723C6757}.Debug|Any CPU.ActiveCfg = Debug|Any CPU
		{047C8D49-2495-4BE6-9763-D030723C6757}.Debug|Any CPU.Build.0 = Debug|Any CPU
		{047C8D49-2495-4BE6-9763-D030723C6757}.Release|Any CPU.ActiveCfg = Release|Any CPU
		{047C8D49-2495-4BE6-9763-D030723C6757}.Release|Any CPU.Build.0 = Release|Any CPU
	EndGlobalSection
	GlobalSection(SolutionProperties) = preSolution
		HideSolutionNode = FALSE
	EndGlobalSection
	GlobalSection(ExtensibilityGlobals) = postSolution
		SolutionGuid = {66872F7A-EC7E-4E45-8BC7-DA832B0BE223}
	EndGlobalSection
EndGlobal
